
Microsoft Visual Studio Solution File, Format Version 12.00
# Visual Studio Version 17
VisualStudioVersion = 17.5.33424.131
MinimumVisualStudioVersion = 10.0.40219.1
Project("{8BC9CEB8-8B4A-11D0-8D11-00A0C91BC942}") = "pointer", "pointer\pointer.vcxproj", "{168BEA1B-9E86-4B91-A0D9-DCD6D7A29679}"
EndProject
Project("{8BC9CEB8-8B4A-11D0-8D11-00A0C91BC942}") = "pointer2", "pointer2\pointer2.vcxproj", "{3147F8F5-E539-4507-9FF2-3E2516B4ADC3}"
EndProject
Project("{8BC9CEB8-8B4A-11D0-8D11-00A0C91BC942}") = "friendclass", "friendclass\friendclass.vcxproj", "{BB18E54C-FFE3-469F-A533-79005D0DD900}"
EndProject
Project("{8BC9CEB8-8B4A-11D0-8D11-00A0C91BC942}") = "friendclass2", "friendclass2\friendclass2.vcxproj", "{6CCDF266-648E-4B7F-A5F1-E9871ABA8922}"
EndProject
Project("{8BC9CEB8-8B4A-11D0-8D11-00A0C91BC942}") = "friendclass3", "friendclass3\friendclass3.vcxproj", "{F60930A3-120F-4778-984C-59BA05E71A1D}"
EndProject
Global
	GlobalSection(SolutionConfigurationPlatforms) = preSolution
		Debug|x64 = Debug|x64
		Debug|x86 = Debug|x86
		Release|x64 = Release|x64
		Release|x86 = Release|x86
	EndGlobalSection
	GlobalSection(ProjectConfigurationPlatforms) = postSolution
		{168BEA1B-9E86-4B91-A0D9-DCD6D7A29679}.Debug|x64.ActiveCfg = Debug|x64
		{168BEA1B-9E86-4B91-A0D9-DCD6D7A29679}.Debug|x64.Build.0 = Debug|x64
		{168BEA1B-9E86-4B91-A0D9-DCD6D7A29679}.Debug|x86.ActiveCfg = Debug|Win32
		{168BEA1B-9E86-4B91-A0D9-DCD6D7A29679}.Debug|x86.Build.0 = Debug|Win32
		{168BEA1B-9E86-4B91-A0D9-DCD6D7A29679}.Release|x64.ActiveCfg = Release|x64
		{168BEA1B-9E86-4B91-A0D9-DCD6D7A29679}.Release|x64.Build.0 = Release|x64
		{168BEA1B-9E86-4B91-A0D9-DCD6D7A29679}.Release|x86.ActiveCfg = Release|Win32
		{168BEA1B-9E86-4B91-A0D9-DCD6D7A29679}.Release|x86.Build.0 = Release|Win32
		{3147F8F5-E539-4507-9FF2-3E2516B4ADC3}.Debug|x64.ActiveCfg = Debug|x64
		{3147F8F5-E539-4507-9FF2-3E2516B4ADC3}.Debug|x64.Build.0 = Debug|x64
		{3147F8F5-E539-4507-9FF2-3E2516B4ADC3}.Debug|x86.ActiveCfg = Debug|Win32
		{3147F8F5-E539-4507-9FF2-3E2516B4ADC3}.Debug|x86.Build.0 = Debug|Win32
		{3147F8F5-E539-4507-9FF2-3E2516B4ADC3}.Release|x64.ActiveCfg = Release|x64
		{3147F8F5-E539-4507-9FF2-3E2516B4ADC3}.Release|x64.Build.0 = Release|x64
		{3147F8F5-E539-4507-9FF2-3E2516B4ADC3}.Release|x86.ActiveCfg = Release|Win32
		{3147F8F5-E539-4507-9FF2-3E2516B4ADC3}.Release|x86.Build.0 = Release|Win32
		{BB18E54C-FFE3-469F-A533-79005D0DD900}.Debug|x64.ActiveCfg = Debug|x64
		{BB18E54C-FFE3-469F-A533-79005D0DD900}.Debug|x64.Build.0 = Debug|x64
		{BB18E54C-FFE3-469F-A533-79005D0DD900}.Debug|x86.ActiveCfg = Debug|Win32
		{BB18E54C-FFE3-469F-A533-79005D0DD900}.Debug|x86.Build.0 = Debug|Win32
		{BB18E54C-FFE3-469F-A533-79005D0DD900}.Release|x64.ActiveCfg = Release|x64
		{BB18E54C-FFE3-469F-A533-79005D0DD900}.Release|x64.Build.0 = Release|x64
		{BB18E54C-FFE3-469F-A533-79005D0DD900}.Release|x86.ActiveCfg = Release|Win32
		{BB18E54C-FFE3-469F-A533-79005D0DD900}.Release|x86.Build.0 = Release|Win32
		{6CCDF266-648E-4B7F-A5F1-E9871ABA8922}.Debug|x64.ActiveCfg = Debug|x64
		{6CCDF266-648E-4B7F-A5F1-E9871ABA8922}.Debug|x64.Build.0 = Debug|x64
		{6CCDF266-648E-4B7F-A5F1-E9871ABA8922}.Debug|x86.ActiveCfg = Debug|Win32
		{6CCDF266-648E-4B7F-A5F1-E9871ABA8922}.Debug|x86.Build.0 = Debug|Win32
		{6CCDF266-648E-4B7F-A5F1-E9871ABA8922}.Release|x64.ActiveCfg = Release|x64
		{6CCDF266-648E-4B7F-A5F1-E9871ABA8922}.Release|x64.Build.0 = Release|x64
		{6CCDF266-648E-4B7F-A5F1-E9871ABA8922}.Release|x86.ActiveCfg = Release|Win32
		{6CCDF266-648E-4B7F-A5F1-E9871ABA8922}.Release|x86.Build.0 = Release|Win32
		{F60930A3-120F-4778-984C-59BA05E71A1D}.Debug|x64.ActiveCfg = Debug|x64
		{F60930A3-120F-4778-984C-59BA05E71A1D}.Debug|x64.Build.0 = Debug|x64
		{F60930A3-120F-4778-984C-59BA05E71A1D}.Debug|x86.ActiveCfg = Debug|Win32
		{F60930A3-120F-4778-984C-59BA05E71A1D}.Debug|x86.Build.0 = Debug|Win32
		{F60930A3-120F-4778-984C-59BA05E71A1D}.Release|x64.ActiveCfg = Release|x64
		{F60930A3-120F-4778-984C-59BA05E71A1D}.Release|x64.Build.0 = Release|x64
		{F60930A3-120F-4778-984C-59BA05E71A1D}.Release|x86.ActiveCfg = Release|Win32
		{F60930A3-120F-4778-984C-59BA05E71A1D}.Release|x86.Build.0 = Release|Win32
	EndGlobalSection
	GlobalSection(SolutionProperties) = preSolution
		HideSolutionNode = FALSE
	EndGlobalSection
	GlobalSection(ExtensibilityGlobals) = postSolution
		SolutionGuid = {8E81C392-52A3-4794-9943-79062D5F7831}
	EndGlobalSection
EndGlobal
